
Microsoft Visual Studio Solution File, Format Version 12.00
# Visual Studio Version 17
VisualStudioVersion = 17.8.34511.84
MinimumVisualStudioVersion = 10.0.40219.1
Project("{9A19103F-16F7-4668-BE54-9A1E7A4F7556}") = "SkillNode-Backend", "SkillNode-Backend.csproj", "{E670FBE8-65FD-4598-B757-6DFFAC3ED817}"
EndProject
Global
	GlobalSection(SolutionConfigurationPlatforms) = preSolution
		Debug|Any CPU = Debug|Any CPU
		Release|Any CPU = Release|Any CPU
	EndGlobalSection
	GlobalSection(ProjectConfigurationPlatforms) = postSolution
		{E670FBE8-65FD-4598-B757-6DFFAC3ED817}.Debug|Any CPU.ActiveCfg = Debug|Any CPU
		{E670FBE8-65FD-4598-B757-6DFFAC3ED817}.Debug|Any CPU.Build.0 = Debug|Any CPU
		{E670FBE8-65FD-4598-B757-6DFFAC3ED817}.Release|Any CPU.ActiveCfg = Release|Any CPU
		{E670FBE8-65FD-4598-B757-6DFFAC3ED817}.Release|Any CPU.Build.0 = Release|Any CPU
	EndGlobalSection
	GlobalSection(SolutionProperties) = preSolution
		HideSolutionNode = FALSE
	EndGlobalSection
	GlobalSection(ExtensibilityGlobals) = postSolution
		SolutionGuid = {7CBE406C-31FB-4138-858C-3E6CE266821D}
	EndGlobalSection
EndGlobal
